
Microsoft Visual Studio Solution File, Format Version 12.00
# Visual Studio Version 16
VisualStudioVersion = 16.0.30406.217
MinimumVisualStudioVersion = 10.0.40219.1
Project("{FAE04EC0-301F-11D3-BF4B-00C04F79EFBC}") = "ADO_NET_Entity_Framework_Basics", "ADO_NET_Entity_Framework_Basics\ADO_NET_Entity_Framework_Basics.csproj", "{761F9780-5507-4A24-BDDD-66811F838244}"
EndProject
Global
	GlobalSection(SolutionConfigurationPlatforms) = preSolution
		Debug|Any CPU = Debug|Any CPU
		Release|Any CPU = Release|Any CPU
	EndGlobalSection
	GlobalSection(ProjectConfigurationPlatforms) = postSolution
		{761F9780-5507-4A24-BDDD-66811F838244}.Debug|Any CPU.ActiveCfg = Debug|Any CPU
		{761F9780-5507-4A24-BDDD-66811F838244}.Debug|Any CPU.Build.0 = Debug|Any CPU
		{761F9780-5507-4A24-BDDD-66811F838244}.Release|Any CPU.ActiveCfg = Release|Any CPU
		{761F9780-5507-4A24-BDDD-66811F838244}.Release|Any CPU.Build.0 = Release|Any CPU
	EndGlobalSection
	GlobalSection(SolutionProperties) = preSolution
		HideSolutionNode = FALSE
	EndGlobalSection
	GlobalSection(ExtensibilityGlobals) = postSolution
		SolutionGuid = {02CAE28B-77E7-44AA-982A-C161CE9A6AE0}
	EndGlobalSection
EndGlobal
